
Microsoft Visual Studio Solution File, Format Version 12.00
# Visual Studio Version 17
VisualStudioVersion = 17.10.35013.160
MinimumVisualStudioVersion = 10.0.40219.1
Project("{FAE04EC0-301F-11D3-BF4B-00C04F79EFBC}") = "msa-project.Server", "msa-project.Server\msa-project.Server.csproj", "{5E4529B3-E339-4793-940C-0138E3EC043B}"
EndProject
Project("{54A90642-561A-4BB1-A94E-469ADEE60C69}") = "msa-project.client", "msa-project.client\msa-project.client.esproj", "{AABB51D3-DFE9-4032-B15A-7E288FD89711}"
EndProject
Global
	GlobalSection(SolutionConfigurationPlatforms) = preSolution
		Debug|Any CPU = Debug|Any CPU
		Release|Any CPU = Release|Any CPU
	EndGlobalSection
	GlobalSection(ProjectConfigurationPlatforms) = postSolution
		{5E4529B3-E339-4793-940C-0138E3EC043B}.Debug|Any CPU.ActiveCfg = Debug|Any CPU
		{5E4529B3-E339-4793-940C-0138E3EC043B}.Debug|Any CPU.Build.0 = Debug|Any CPU
		{5E4529B3-E339-4793-940C-0138E3EC043B}.Release|Any CPU.ActiveCfg = Release|Any CPU
		{5E4529B3-E339-4793-940C-0138E3EC043B}.Release|Any CPU.Build.0 = Release|Any CPU
		{AABB51D3-DFE9-4032-B15A-7E288FD89711}.Debug|Any CPU.ActiveCfg = Debug|Any CPU
		{AABB51D3-DFE9-4032-B15A-7E288FD89711}.Debug|Any CPU.Build.0 = Debug|Any CPU
		{AABB51D3-DFE9-4032-B15A-7E288FD89711}.Debug|Any CPU.Deploy.0 = Debug|Any CPU
		{AABB51D3-DFE9-4032-B15A-7E288FD89711}.Release|Any CPU.ActiveCfg = Release|Any CPU
		{AABB51D3-DFE9-4032-B15A-7E288FD89711}.Release|Any CPU.Build.0 = Release|Any CPU
		{AABB51D3-DFE9-4032-B15A-7E288FD89711}.Release|Any CPU.Deploy.0 = Release|Any CPU
	EndGlobalSection
	GlobalSection(SolutionProperties) = preSolution
		HideSolutionNode = FALSE
	EndGlobalSection
	GlobalSection(ExtensibilityGlobals) = postSolution
		SolutionGuid = {6AE33A59-A8C3-4854-9D42-E6CC609FE50D}
	EndGlobalSection
EndGlobal
